Microsoft Visual Studio Solution File, Format Version 11.00
# Visual Studio 2008

Project("{D73F4CFB-F8F5-B97C-28FA-E187544D5250}") = "HW3_CubeShip One", "Assembly-CSharp.csproj", "{12067A68-C790-1DB5-0901-9BB8239F907F}"
EndProject
Project("{D73F4CFB-F8F5-B97C-28FA-E187544D5250}") = "HW3_CubeShip One", "Assembly-UnityScript.unityproj", "{3329FCD3-BECE-DE76-284D-C101EA26AD9A}"
EndProject
Global
	GlobalSection(SolutionConfigurationPlatforms) = preSolution
		Debug|Any CPU = Debug|Any CPU
		Release|Any CPU = Release|Any CPU
	EndGlobalSection
	GlobalSection(ProjectConfigurationPlatforms) = postSolution
		{12067A68-C790-1DB5-0901-9BB8239F907F}.Debug|Any CPU.ActiveCfg = Debug|Any CPU
		{12067A68-C790-1DB5-0901-9BB8239F907F}.Debug|Any CPU.Build.0 = Debug|Any CPU
		{12067A68-C790-1DB5-0901-9BB8239F907F}.Release|Any CPU.ActiveCfg = Release|Any CPU
		{12067A68-C790-1DB5-0901-9BB8239F907F}.Release|Any CPU.Build.0 = Release|Any CPU
		{3329FCD3-BECE-DE76-284D-C101EA26AD9A}.Debug|Any CPU.ActiveCfg = Debug|Any CPU
		{3329FCD3-BECE-DE76-284D-C101EA26AD9A}.Debug|Any CPU.Build.0 = Debug|Any CPU
		{3329FCD3-BECE-DE76-284D-C101EA26AD9A}.Release|Any CPU.ActiveCfg = Release|Any CPU
		{3329FCD3-BECE-DE76-284D-C101EA26AD9A}.Release|Any CPU.Build.0 = Release|Any CPU
	EndGlobalSection
	GlobalSection(SolutionProperties) = preSolution
		HideSolutionNode = FALSE
	EndGlobalSection
																																								GlobalSection(MonoDevelopProperties) = preSolution
		StartupItem = Assembly-CSharp.csproj
		Policies = $0
		$0.TextStylePolicy = $1
		$1.inheritsSet = null
		$1.scope = text/x-csharp
		$0.CSharpFormattingPolicy = $2
		$2.inheritsSet = Mono
		$2.inheritsScope = text/x-csharp
		$2.scope = text/x-csharp
		$0.TextStylePolicy = $3
		$3.FileWidth = 120
		$3.TabWidth = 4
		$3.EolMarker = Unix
		$3.inheritsSet = Mono
		$3.inheritsScope = text/plain
		$3.scope = text/plain
	EndGlobalSection

EndGlobal
